// !$*UTF8*$!
{
	archiveVersion = 1;
	classes = {
	};
	objectVersion = 77;
	objects = {

/* Begin PBXContainerItemProxy section */
		67430CA12C9CE2A9000F4E76 /* PBXContainerItemProxy */ = {
			isa = PBXContainerItemProxy;
			containerPortal = 67430C872C9CE2A7000F4E76 /* Project object */;
			proxyType = 1;
			remoteGlobalIDString = 67430C8E2C9CE2A8000F4E76;
			remoteInfo = "Ammaar's Dorm Controls";
		};
		67430CAB2C9CE2A9000F4E76 /* PBXContainerItemProxy */ = {
			isa = PBXContainerItemProxy;
			containerPortal = 67430C872C9CE2A7000F4E76 /* Project object */;
			proxyType = 1;
			remoteGlobalIDString = 67430C8E2C9CE2A8000F4E76;
			remoteInfo = "Ammaar's Dorm Controls";
		};
/* End PBXContainerItemProxy section */

/* Begin PBXFileReference section */
		67430C8F2C9CE2A8000F4E76 /* Ammaar's Dorm Controls.app */ = {isa = PBXFileReference; explicitFileType = wrapper.application; includeInIndex = 0; path = "Ammaar's Dorm Controls.app"; sourceTree = BUILT_PRODUCTS_DIR; };
		67430CA02C9CE2A9000F4E76 /* Ammaar's Dorm ControlsTests.xctest */ = {isa = PBXFileReference; explicitFileType = wrapper.cfbundle; includeInIndex = 0; path = "Ammaar's Dorm ControlsTests.xctest"; sourceTree = BUILT_PRODUCTS_DIR; };
		67430CAA2C9CE2A9000F4E76 /* Ammaar's Dorm ControlsUITests.xctest */ = {isa = PBXFileReference; explicitFileType = wrapper.cfbundle; includeInIndex = 0; path = "Ammaar's Dorm ControlsUITests.xctest"; sourceTree = BUILT_PRODUCTS_DIR; };
/* End PBXFileReference section */

/* Begin PBXFileSystemSynchronizedRootGroup section */
		67430C912C9CE2A8000F4E76 /* Ammaar's Dorm Controls */ = {
			isa = PBXFileSystemSynchronizedRootGroup;
			path = "Ammaar's Dorm Controls";
			sourceTree = "<group>";
		};
		67430CA32C9CE2A9000F4E76 /* Ammaar's Dorm ControlsTests */ = {
			isa = PBXFileSystemSynchronizedRootGroup;
			path = "Ammaar's Dorm ControlsTests";
			sourceTree = "<group>";
		};
		67430CAD2C9CE2A9000F4E76 /* Ammaar's Dorm ControlsUITests */ = {
			isa = PBXFileSystemSynchronizedRootGroup;
			path = "Ammaar's Dorm ControlsUITests";
			sourceTree = "<group>";
		};
/* End PBXFileSystemSynchronizedRootGroup section */

/* Begin PBXFrameworksBuildPhase section */
		67430C8C2C9CE2A8000F4E76 /* Frameworks */ = {
			isa = PBXFrameworksBuildPhase;
			buildActionMask = 2147483647;
			files = (
			);
			runOnlyForDeploymentPostprocessing = 0;
		};
		67430C9D2C9CE2A9000F4E76 /* Frameworks */ = {
			isa = PBXFrameworksBuildPhase;
			buildActionMask = 2147483647;
			files = (
			);
			runOnlyForDeploymentPostprocessing = 0;
		};
		67430CA72C9CE2A9000F4E76 /* Frameworks */ = {
			isa = PBXFrameworksBuildPhase;
			buildActionMask = 2147483647;
			files = (
			);
			runOnlyForDeploymentPostprocessing = 0;
		};
/* End PBXFrameworksBuildPhase section */

/* Begin PBXGroup section */
		67430C862C9CE2A7000F4E76 = {
			isa = PBXGroup;
			children = (
				67430C912C9CE2A8000F4E76 /* Ammaar's Dorm Controls */,
				67430CA32C9CE2A9000F4E76 /* Ammaar's Dorm ControlsTests */,
				67430CAD2C9CE2A9000F4E76 /* Ammaar's Dorm ControlsUITests */,
				67430C902C9CE2A8000F4E76 /* Products */,
			);
			sourceTree = "<group>";
		};
		67430C902C9CE2A8000F4E76 /* Products */ = {
			isa = PBXGroup;
			children = (
				67430C8F2C9CE2A8000F4E76 /* Ammaar's Dorm Controls.app */,
				67430CA02C9CE2A9000F4E76 /* Ammaar's Dorm ControlsTests.xctest */,
				67430CAA2C9CE2A9000F4E76 /* Ammaar's Dorm ControlsUITests.xctest */,
			);
			name = Products;
			sourceTree = "<group>";
		};
/* End PBXGroup section */

/* Begin PBXNativeTarget section */
		67430C8E2C9CE2A8000F4E76 /* Ammaar's Dorm Controls */ = {
			isa = PBXNativeTarget;
			buildConfigurationList = 67430CB42C9CE2A9000F4E76 /* Build configuration list for PBXNativeTarget "Ammaar's Dorm Controls" */;
			buildPhases = (
				67430C8B2C9CE2A8000F4E76 /* Sources */,
				67430C8C2C9CE2A8000F4E76 /* Frameworks */,
				67430C8D2C9CE2A8000F4E76 /* Resources */,
			);
			buildRules = (
			);
			dependencies = (
			);
			fileSystemSynchronizedGroups = (
				67430C912C9CE2A8000F4E76 /* Ammaar's Dorm Controls */,
			);
			name = "Ammaar's Dorm Controls";
			packageProductDependencies = (
			);
			productName = "Ammaar's Dorm Controls";
			productReference = 67430C8F2C9CE2A8000F4E76 /* Ammaar's Dorm Controls.app */;
			productType = "com.apple.product-type.application";
		};
		67430C9F2C9CE2A9000F4E76 /* Ammaar's Dorm ControlsTests */ = {
			isa = PBXNativeTarget;
			buildConfigurationList = 67430CB72C9CE2A9000F4E76 /* Build configuration list for PBXNativeTarget "Ammaar's Dorm ControlsTests" */;
			buildPhases = (
				67430C9C2C9CE2A9000F4E76 /* Sources */,
				67430C9D2C9CE2A9000F4E76 /* Frameworks */,
				67430C9E2C9CE2A9000F4E76 /* Resources */,
			);
			buildRules = (
			);
			dependencies = (
				67430CA22C9CE2A9000F4E76 /* PBXTargetDependency */,
			);
			fileSystemSynchronizedGroups = (
				67430CA32C9CE2A9000F4E76 /* Ammaar's Dorm ControlsTests */,
			);
			name = "Ammaar's Dorm ControlsTests";
			packageProductDependencies = (
			);
			productName = "Ammaar's Dorm ControlsTests";
			productReference = 67430CA02C9CE2A9000F4E76 /* Ammaar's Dorm ControlsTests.xctest */;
			productType = "com.apple.product-type.bundle.unit-test";
		};
		67430CA92C9CE2A9000F4E76 /* Ammaar's Dorm ControlsUITests */ = {
			isa = PBXNativeTarget;
			buildConfigurationList = 67430CBA2C9CE2A9000F4E76 /* Build configuration list for PBXNativeTarget "Ammaar's Dorm ControlsUITests" */;
			buildPhases = (
				67430CA62C9CE2A9000F4E76 /* Sources */,
				67430CA72C9CE2A9000F4E76 /* Frameworks */,
				67430CA82C9CE2A9000F4E76 /* Resources */,
			);
			buildRules = (
			);
			dependencies = (
				67430CAC2C9CE2A9000F4E76 /* PBXTargetDependency */,
			);
			fileSystemSynchronizedGroups = (
				67430CAD2C9CE2A9000F4E76 /* Ammaar's Dorm ControlsUITests */,
			);
			name = "Ammaar's Dorm ControlsUITests";
			packageProductDependencies = (
			);
			productName = "Ammaar's Dorm ControlsUITests";
			productReference = 67430CAA2C9CE2A9000F4E76 /* Ammaar's Dorm ControlsUITests.xctest */;
			productType = "com.apple.product-type.bundle.ui-testing";
		};
/* End PBXNativeTarget section */

/* Begin PBXProject section */
		67430C872C9CE2A7000F4E76 /* Project object */ = {
			isa = PBXProject;
			attributes = {
				BuildIndependentTargetsInParallel = 1;
				LastSwiftUpdateCheck = 1610;
				LastUpgradeCheck = 1610;
				TargetAttributes = {
					67430C8E2C9CE2A8000F4E76 = {
						CreatedOnToolsVersion = 16.1;
					};
					67430C9F2C9CE2A9000F4E76 = {
						CreatedOnToolsVersion = 16.1;
						TestTargetID = 67430C8E2C9CE2A8000F4E76;
					};
					67430CA92C9CE2A9000F4E76 = {
						CreatedOnToolsVersion = 16.1;
						TestTargetID = 67430C8E2C9CE2A8000F4E76;
					};
				};
			};
			buildConfigurationList = 67430C8A2C9CE2A7000F4E76 /* Build configuration list for PBXProject "Ammaar's Dorm Controls" */;
			developmentRegion = en;
			hasScannedForEncodings = 0;
			knownRegions = (
				en,
				Base,
			);
			mainGroup = 67430C862C9CE2A7000F4E76;
			minimizedProjectReferenceProxies = 1;
			preferredProjectObjectVersion = 77;
			productRefGroup = 67430C902C9CE2A8000F4E76 /* Products */;
			projectDirPath = "";
			projectRoot = "";
			targets = (
				67430C8E2C9CE2A8000F4E76 /* Ammaar's Dorm Controls */,
				67430C9F2C9CE2A9000F4E76 /* Ammaar's Dorm ControlsTests */,
				67430CA92C9CE2A9000F4E76 /* Ammaar's Dorm ControlsUITests */,
			);
		};
/* End PBXProject section */

/* Begin PBXResourcesBuildPhase section */
		67430C8D2C9CE2A8000F4E76 /* Resources */ = {
			isa = PBXResourcesBuildPhase;
			buildActionMask = 2147483647;
			files = (
			);
			runOnlyForDeploymentPostprocessing = 0;
		};
		67430C9E2C9CE2A9000F4E76 /* Resources */ = {
			isa = PBXResourcesBuildPhase;
			buildActionMask = 2147483647;
			files = (
			);
			runOnlyForDeploymentPostprocessing = 0;
		};
		67430CA82C9CE2A9000F4E76 /* Resources */ = {
			isa = PBXResourcesBuildPhase;
			buildActionMask = 2147483647;
			files = (
			);
			runOnlyForDeploymentPostprocessing = 0;
		};
/* End PBXResourcesBuildPhase section */

/* Begin PBXSourcesBuildPhase section */
		67430C8B2C9CE2A8000F4E76 /* Sources */ = {
			isa = PBXSourcesBuildPhase;
			buildActionMask = 2147483647;
			files = (
			);
			runOnlyForDeploymentPostprocessing = 0;
		};
		67430C9C2C9CE2A9000F4E76 /* Sources */ = {
			isa = PBXSourcesBuildPhase;
			buildActionMask = 2147483647;
			files = (
			);
			runOnlyForDeploymentPostprocessing = 0;
		};
		67430CA62C9CE2A9000F4E76 /* Sources */ = {
			isa = PBXSourcesBuildPhase;
			buildActionMask = 2147483647;
			files = (
			);
			runOnlyForDeploymentPostprocessing = 0;
		};
/* End PBXSourcesBuildPhase section */

/* Begin PBXTargetDependency section */
		67430CA22C9CE2A9000F4E76 /* PBXTargetDependency */ = {
			isa = PBXTargetDependency;
			target = 67430C8E2C9CE2A8000F4E76 /* Ammaar's Dorm Controls */;
			targetProxy = 67430CA12C9CE2A9000F4E76 /* PBXContainerItemProxy */;
		};
		67430CAC2C9CE2A9000F4E76 /* PBXTargetDependency */ = {
			isa = PBXTargetDependency;
			target = 67430C8E2C9CE2A8000F4E76 /* Ammaar's Dorm Controls */;
			targetProxy = 67430CAB2C9CE2A9000F4E76 /* PBXContainerItemProxy */;
		};
/* End PBXTargetDependency section */

/* Begin XCBuildConfiguration section */
		67430CB22C9CE2A9000F4E76 /* Debug */ = {
			isa = XCBuildConfiguration;
			buildSettings = {
				ALWAYS_SEARCH_USER_PATHS = NO;
				ASSETCATALOG_COMPILER_GENERATE_SWIFT_ASSET_SYMBOL_EXTENSIONS = YES;
				CLANG_ANALYZER_NONNULL = YES;
				CLANG_ANALYZER_NUMBER_OBJECT_CONVERSION = YES_AGGRESSIVE;
				CLANG_CXX_LANGUAGE_STANDARD = "gnu++20";
				CLANG_ENABLE_MODULES = YES;
				CLANG_ENABLE_OBJC_ARC = YES;
				CLANG_ENABLE_OBJC_WEAK = YES;
				CLANG_WARN_BLOCK_CAPTURE_AUTORELEASING = YES;
				CLANG_WARN_BOOL_CONVERSION = YES;
				CLANG_WARN_COMMA = YES;
				CLANG_WARN_CONSTANT_CONVERSION = YES;
				CLANG_WARN_DEPRECATED_OBJC_IMPLEMENTATIONS = YES;
				CLANG_WARN_DIRECT_OBJC_ISA_USAGE = YES_ERROR;
				CLANG_WARN_DOCUMENTATION_COMMENTS = YES;
				CLANG_WARN_EMPTY_BODY = YES;
				CLANG_WARN_ENUM_CONVERSION = YES;
				CLANG_WARN_INFINITE_RECURSION = YES;
				CLANG_WARN_INT_CONVERSION = YES;
				CLANG_WARN_NON_LITERAL_NULL_CONVERSION = YES;
				CLANG_WARN_OBJC_IMPLICIT_RETAIN_SELF = YES;
				CLANG_WARN_OBJC_LITERAL_CONVERSION = YES;
				CLANG_WARN_OBJC_ROOT_CLASS = YES_ERROR;
				CLANG_WARN_QUOTED_INCLUDE_IN_FRAMEWORK_HEADER = YES;
				CLANG_WARN_RANGE_LOOP_ANALYSIS = YES;
				CLANG_WARN_STRICT_PROTOTYPES = YES;
				CLANG_WARN_SUSPICIOUS_MOVE = YES;
				CLANG_WARN_UNGUARDED_AVAILABILITY = YES_AGGRESSIVE;
				CLANG_WARN_UNREACHABLE_CODE = YES;
				CLANG_WARN__DUPLICATE_METHOD_MATCH = YES;
				COPY_PHASE_STRIP = NO;
				DEBUG_INFORMATION_FORMAT = dwarf;
				ENABLE_STRICT_OBJC_MSGSEND = YES;
				ENABLE_TESTABILITY = YES;
				ENABLE_USER_SCRIPT_SANDBOXING = YES;
				GCC_C_LANGUAGE_STANDARD = gnu17;
				GCC_DYNAMIC_NO_PIC = NO;
				GCC_NO_COMMON_BLOCKS = YES;
				GCC_OPTIMIZATION_LEVEL = 0;
				GCC_PREPROCESSOR_DEFINITIONS = (
					"DEBUG=1",
					"$(inherited)",
				);
				GCC_WARN_64_TO_32_BIT_CONVERSION = YES;
				GCC_WARN_ABOUT_RETURN_TYPE = YES_ERROR;
				GCC_WARN_UNDECLARED_SELECTOR = YES;
				GCC_WARN_UNINITIALIZED_AUTOS = YES_AGGRESSIVE;
				GCC_WARN_UNUSED_FUNCTION = YES;
				GCC_WARN_UNUSED_VARIABLE = YES;
				LOCALIZATION_PREFERS_STRING_CATALOGS = YES;
				MTL_ENABLE_DEBUG_INFO = INCLUDE_SOURCE;
				MTL_FAST_MATH = YES;
				ONLY_ACTIVE_ARCH = YES;
				SWIFT_ACTIVE_COMPILATION_CONDITIONS = "DEBUG $(inherited)";
				SWIFT_OPTIMIZATION_LEVEL = "-Onone";
			};
			name = Debug;
		};
		67430CB32C9CE2A9000F4E76 /* Release */ = {
			isa = XCBuildConfiguration;
			buildSettings = {
				ALWAYS_SEARCH_USER_PATHS = NO;
				ASSETCATALOG_COMPILER_GENERATE_SWIFT_ASSET_SYMBOL_EXTENSIONS = YES;
				CLANG_ANALYZER_NONNULL = YES;
				CLANG_ANALYZER_NUMBER_OBJECT_CONVERSION = YES_AGGRESSIVE;
				CLANG_CXX_LANGUAGE_STANDARD = "gnu++20";
				CLANG_ENABLE_MODULES = YES;
				CLANG_ENABLE_OBJC_ARC = YES;
				CLANG_ENABLE_OBJC_WEAK = YES;
				CLANG_WARN_BLOCK_CAPTURE_AUTORELEASING = YES;
				CLANG_WARN_BOOL_CONVERSION = YES;
				CLANG_WARN_COMMA = YES;
				CLANG_WARN_CONSTANT_CONVERSION = YES;
				CLANG_WARN_DEPRECATED_OBJC_IMPLEMENTATIONS = YES;
				CLANG_WARN_DIRECT_OBJC_ISA_USAGE = YES_ERROR;
				CLANG_WARN_DOCUMENTATION_COMMENTS = YES;
				CLANG_WARN_EMPTY_BODY = YES;
				CLANG_WARN_ENUM_CONVERSION = YES;
				CLANG_WARN_INFINITE_RECURSION = YES;
				CLANG_WARN_INT_CONVERSION = YES;
				CLANG_WARN_NON_LITERAL_NULL_CONVERSION = YES;
				CLANG_WARN_OBJC_IMPLICIT_RETAIN_SELF = YES;
				CLANG_WARN_OBJC_LITERAL_CONVERSION = YES;
				CLANG_WARN_OBJC_ROOT_CLASS = YES_ERROR;
				CLANG_WARN_QUOTED_INCLUDE_IN_FRAMEWORK_HEADER = YES;
				CLANG_WARN_RANGE_LOOP_ANALYSIS = YES;
				CLANG_WARN_STRICT_PROTOTYPES = YES;
				CLANG_WARN_SUSPICIOUS_MOVE = YES;
				CLANG_WARN_UNGUARDED_AVAILABILITY = YES_AGGRESSIVE;
				CLANG_WARN_UNREACHABLE_CODE = YES;
				CLANG_WARN__DUPLICATE_METHOD_MATCH = YES;
				COPY_PHASE_STRIP = NO;
				DEBUG_INFORMATION_FORMAT = "dwarf-with-dsym";
				ENABLE_NS_ASSERTIONS = NO;
				ENABLE_STRICT_OBJC_MSGSEND = YES;
				ENABLE_USER_SCRIPT_SANDBOXING = YES;
				GCC_C_LANGUAGE_STANDARD = gnu17;
				GCC_NO_COMMON_BLOCKS = YES;
				GCC_WARN_64_TO_32_BIT_CONVERSION = YES;
				GCC_WARN_ABOUT_RETURN_TYPE = YES_ERROR;
				GCC_WARN_UNDECLARED_SELECTOR = YES;
				GCC_WARN_UNINITIALIZED_AUTOS = YES_AGGRESSIVE;
				GCC_WARN_UNUSED_FUNCTION = YES;
				GCC_WARN_UNUSED_VARIABLE = YES;
				LOCALIZATION_PREFERS_STRING_CATALOGS = YES;
				MTL_ENABLE_DEBUG_INFO = NO;
				MTL_FAST_MATH = YES;
				SWIFT_COMPILATION_MODE = wholemodule;
			};
			name = Release;
		};
		67430CB52C9CE2A9000F4E76 /* Debug */ = {
			isa = XCBuildConfiguration;
			buildSettings = {
				ASSETCATALOG_COMPILER_APPICON_NAME = AppIcon;
				ASSETCATALOG_COMPILER_GLOBAL_ACCENT_COLOR_NAME = AccentColor;
				CODE_SIGN_ENTITLEMENTS = "Ammaar's Dorm Controls/Ammaar_s_Dorm_Controls.entitlements";
				CODE_SIGN_STYLE = Automatic;
				CURRENT_PROJECT_VERSION = 1;
				DEVELOPMENT_ASSET_PATHS = "\"Ammaar's Dorm Controls/Preview Content\"";
				ENABLE_PREVIEWS = YES;
				GENERATE_INFOPLIST_FILE = YES;
				"INFOPLIST_KEY_UIApplicationSceneManifest_Generation[sdk=iphoneos*]" = YES;
				"INFOPLIST_KEY_UIApplicationSceneManifest_Generation[sdk=iphonesimulator*]" = YES;
				"INFOPLIST_KEY_UIApplicationSupportsIndirectInputEvents[sdk=iphoneos*]" = YES;
				"INFOPLIST_KEY_UIApplicationSupportsIndirectInputEvents[sdk=iphonesimulator*]" = YES;
				"INFOPLIST_KEY_UILaunchScreen_Generation[sdk=iphoneos*]" = YES;
				"INFOPLIST_KEY_UILaunchScreen_Generation[sdk=iphonesimulator*]" = YES;
				"INFOPLIST_KEY_UIStatusBarStyle[sdk=iphoneos*]" = UIStatusBarStyleDefault;
				"INFOPLIST_KEY_UIStatusBarStyle[sdk=iphonesimulator*]" = UIStatusBarStyleDefault;
				INFOPLIST_KEY_UISupportedInterfaceOrientations_iPad = "UIInterfaceOrientationPortrait UIInterfaceOrientationPortraitUpsideDown UIInterfaceOrientationLandscapeLeft UIInterfaceOrientationLandscapeRight";
				INFOPLIST_KEY_UISupportedInterfaceOrientations_iPhone = "UIInterfaceOrientationPortrait UIInterfaceOrientationLandscapeLeft UIInterfaceOrientationLandscapeRight";
				IPHONEOS_DEPLOYMENT_TARGET = 18.1;
				LD_RUNPATH_SEARCH_PATHS = "@executable_path/Frameworks";
				"LD_RUNPATH_SEARCH_PATHS[sdk=macosx*]" = "@executable_path/../Frameworks";
				MACOSX_DEPLOYMENT_TARGET = 15.0;
				MARKETING_VERSION = 1.0;
				PRODUCT_BUNDLE_IDENTIFIER = "AmmaarAlam.Ammaar-s-Dorm-Controls";
				PRODUCT_NAME = "$(TARGET_NAME)";
				SDKROOT = auto;
				SUPPORTED_PLATFORMS = "iphoneos iphonesimulator macosx xros xrsimulator";
				SWIFT_EMIT_LOC_STRINGS = YES;
				SWIFT_VERSION = 5.0;
				TARGETED_DEVICE_FAMILY = "1,2,7";
				XROS_DEPLOYMENT_TARGET = 2.1;
			};
			name = Debug;
		};
		67430CB62C9CE2A9000F4E76 /* Release */ = {
			isa = XCBuildConfiguration;
			buildSettings = {
				ASSETCATALOG_COMPILER_APPICON_NAME = AppIcon;
				ASSETCATALOG_COMPILER_GLOBAL_ACCENT_COLOR_NAME = AccentColor;
				CODE_SIGN_ENTITLEMENTS = "Ammaar's Dorm Controls/Ammaar_s_Dorm_Controls.entitlements";
				CODE_SIGN_STYLE = Automatic;
				CURRENT_PROJECT_VERSION = 1;
				DEVELOPMENT_ASSET_PATHS = "\"Ammaar's Dorm Controls/Preview Content\"";
				ENABLE_PREVIEWS = YES;
				GENERATE_INFOPLIST_FILE = YES;
				"INFOPLIST_KEY_UIApplicationSceneManifest_Generation[sdk=iphoneos*]" = YES;
				"INFOPLIST_KEY_UIApplicationSceneManifest_Generation[sdk=iphonesimulator*]" = YES;
				"INFOPLIST_KEY_UIApplicationSupportsIndirectInputEvents[sdk=iphoneos*]" = YES;
				"INFOPLIST_KEY_UIApplicationSupportsIndirectInputEvents[sdk=iphonesimulator*]" = YES;
				"INFOPLIST_KEY_UILaunchScreen_Generation[sdk=iphoneos*]" = YES;
				"INFOPLIST_KEY_UILaunchScreen_Generation[sdk=iphonesimulator*]" = YES;
				"INFOPLIST_KEY_UIStatusBarStyle[sdk=iphoneos*]" = UIStatusBarStyleDefault;
				"INFOPLIST_KEY_UIStatusBarStyle[sdk=iphonesimulator*]" = UIStatusBarStyleDefault;
				INFOPLIST_KEY_UISupportedInterfaceOrientations_iPad = "UIInterfaceOrientationPortrait UIInterfaceOrientationPortraitUpsideDown UIInterfaceOrientationLandscapeLeft UIInterfaceOrientationLandscapeRight";
				INFOPLIST_KEY_UISupportedInterfaceOrientations_iPhone = "UIInterfaceOrientationPortrait UIInterfaceOrientationLandscapeLeft UIInterfaceOrientationLandscapeRight";
				IPHONEOS_DEPLOYMENT_TARGET = 18.1;
				LD_RUNPATH_SEARCH_PATHS = "@executable_path/Frameworks";
				"LD_RUNPATH_SEARCH_PATHS[sdk=macosx*]" = "@executable_path/../Frameworks";
				MACOSX_DEPLOYMENT_TARGET = 15.0;
				MARKETING_VERSION = 1.0;
				PRODUCT_BUNDLE_IDENTIFIER = "AmmaarAlam.Ammaar-s-Dorm-Controls";
				PRODUCT_NAME = "$(TARGET_NAME)";
				SDKROOT = auto;
				SUPPORTED_PLATFORMS = "iphoneos iphonesimulator macosx xros xrsimulator";
				SWIFT_EMIT_LOC_STRINGS = YES;
				SWIFT_VERSION = 5.0;
				TARGETED_DEVICE_FAMILY = "1,2,7";
				XROS_DEPLOYMENT_TARGET = 2.1;
			};
			name = Release;
		};
		67430CB82C9CE2A9000F4E76 /* Debug */ = {
			isa = XCBuildConfiguration;
			buildSettings = {
				BUNDLE_LOADER = "$(TEST_HOST)";
				CODE_SIGN_STYLE = Automatic;
				CURRENT_PROJECT_VERSION = 1;
				GENERATE_INFOPLIST_FILE = YES;
				IPHONEOS_DEPLOYMENT_TARGET = 18.1;
				MACOSX_DEPLOYMENT_TARGET = 15.0;
				MARKETING_VERSION = 1.0;
				PRODUCT_BUNDLE_IDENTIFIER = "AmmaarAlam.Ammaar-s-Dorm-ControlsTests";
				PRODUCT_NAME = "$(TARGET_NAME)";
				SDKROOT = auto;
				SUPPORTED_PLATFORMS = "iphoneos iphonesimulator macosx xros xrsimulator";
				SWIFT_EMIT_LOC_STRINGS = NO;
				SWIFT_VERSION = 5.0;
				TARGETED_DEVICE_FAMILY = "1,2,7";
				TEST_HOST = "$(BUILT_PRODUCTS_DIR)/Ammaar's Dorm Controls.app/$(BUNDLE_EXECUTABLE_FOLDER_PATH)/Ammaar's Dorm Controls";
				XROS_DEPLOYMENT_TARGET = 2.1;
			};
			name = Debug;
		};
		67430CB92C9CE2A9000F4E76 /* Release */ = {
			isa = XCBuildConfiguration;
			buildSettings = {
				BUNDLE_LOADER = "$(TEST_HOST)";
				CODE_SIGN_STYLE = Automatic;
				CURRENT_PROJECT_VERSION = 1;
				GENERATE_INFOPLIST_FILE = YES;
				IPHONEOS_DEPLOYMENT_TARGET = 18.1;
				MACOSX_DEPLOYMENT_TARGET = 15.0;
				MARKETING_VERSION = 1.0;
				PRODUCT_BUNDLE_IDENTIFIER = "AmmaarAlam.Ammaar-s-Dorm-ControlsTests";
				PRODUCT_NAME = "$(TARGET_NAME)";
				SDKROOT = auto;
				SUPPORTED_PLATFORMS = "iphoneos iphonesimulator macosx xros xrsimulator";
				SWIFT_EMIT_LOC_STRINGS = NO;
				SWIFT_VERSION = 5.0;
				TARGETED_DEVICE_FAMILY = "1,2,7";
				TEST_HOST = "$(BUILT_PRODUCTS_DIR)/Ammaar's Dorm Controls.app/$(BUNDLE_EXECUTABLE_FOLDER_PATH)/Ammaar's Dorm Controls";
				XROS_DEPLOYMENT_TARGET = 2.1;
			};
			name = Release;
		};
		67430CBB2C9CE2A9000F4E76 /* Debug */ = {
			isa = XCBuildConfiguration;
			buildSettings = {
				CODE_SIGN_STYLE = Automatic;
				CURRENT_PROJECT_VERSION = 1;
				GENERATE_INFOPLIST_FILE = YES;
				IPHONEOS_DEPLOYMENT_TARGET = 18.1;
				MACOSX_DEPLOYMENT_TARGET = 15.0;
				MARKETING_VERSION = 1.0;
				PRODUCT_BUNDLE_IDENTIFIER = "AmmaarAlam.Ammaar-s-Dorm-ControlsUITests";
				PRODUCT_NAME = "$(TARGET_NAME)";
				SDKROOT = auto;
				SUPPORTED_PLATFORMS = "iphoneos iphonesimulator macosx xros xrsimulator";
				SWIFT_EMIT_LOC_STRINGS = NO;
				SWIFT_VERSION = 5.0;
				TARGETED_DEVICE_FAMILY = "1,2,7";
				TEST_TARGET_NAME = "Ammaar's Dorm Controls";
				XROS_DEPLOYMENT_TARGET = 2.1;
			};
			name = Debug;
		};
		67430CBC2C9CE2A9000F4E76 /* Release */ = {
			isa = XCBuildConfiguration;
			buildSettings = {
				CODE_SIGN_STYLE = Automatic;
				CURRENT_PROJECT_VERSION = 1;
				GENERATE_INFOPLIST_FILE = YES;
				IPHONEOS_DEPLOYMENT_TARGET = 18.1;
				MACOSX_DEPLOYMENT_TARGET = 15.0;
				MARKETING_VERSION = 1.0;
				PRODUCT_BUNDLE_IDENTIFIER = "AmmaarAlam.Ammaar-s-Dorm-ControlsUITests";
				PRODUCT_NAME = "$(TARGET_NAME)";
				SDKROOT = auto;
				SUPPORTED_PLATFORMS = "iphoneos iphonesimulator macosx xros xrsimulator";
				SWIFT_EMIT_LOC_STRINGS = NO;
				SWIFT_VERSION = 5.0;
				TARGETED_DEVICE_FAMILY = "1,2,7";
				TEST_TARGET_NAME = "Ammaar's Dorm Controls";
				XROS_DEPLOYMENT_TARGET = 2.1;
			};
			name = Release;
		};
/* End XCBuildConfiguration section */

/* Begin XCConfigurationList section */
		67430C8A2C9CE2A7000F4E76 /* Build configuration list for PBXProject "Ammaar's Dorm Controls" */ = {
			isa = XCConfigurationList;
			buildConfigurations = (
				67430CB22C9CE2A9000F4E76 /* Debug */,
				67430CB32C9CE2A9000F4E76 /* Release */,
			);
			defaultConfigurationIsVisible = 0;
			defaultConfigurationName = Release;
		};
		67430CB42C9CE2A9000F4E76 /* Build configuration list for PBXNativeTarget "Ammaar's Dorm Controls" */ = {
			isa = XCConfigurationList;
			buildConfigurations = (
				67430CB52C9CE2A9000F4E76 /* Debug */,
				67430CB62C9CE2A9000F4E76 /* Release */,
			);
			defaultConfigurationIsVisible = 0;
			defaultConfigurationName = Release;
		};
		67430CB72C9CE2A9000F4E76 /* Build configuration list for PBXNativeTarget "Ammaar's Dorm ControlsTests" */ = {
			isa = XCConfigurationList;
			buildConfigurations = (
				67430CB82C9CE2A9000F4E76 /* Debug */,
				67430CB92C9CE2A9000F4E76 /* Release */,
			);
			defaultConfigurationIsVisible = 0;
			defaultConfigurationName = Release;
		};
		67430CBA2C9CE2A9000F4E76 /* Build configuration list for PBXNativeTarget "Ammaar's Dorm ControlsUITests" */ = {
			isa = XCConfigurationList;
			buildConfigurations = (
				67430CBB2C9CE2A9000F4E76 /* Debug */,
				67430CBC2C9CE2A9000F4E76 /* Release */,
			);
			defaultConfigurationIsVisible = 0;
			defaultConfigurationName = Release;
		};
/* End XCConfigurationList section */
	};
	rootObject = 67430C872C9CE2A7000F4E76 /* Project object */;
}
